
Microsoft Visual Studio Solution File, Format Version 12.00
# Visual Studio Version 17
VisualStudioVersion = 17.4.33403.182
MinimumVisualStudioVersion = 10.0.40219.1
Project("{888888A0-9F3D-457C-B088-3A5042F75D52}") = "ZkouskaPythonVisualStudio", "ZkouskaPythonVisualStudio\ZkouskaPythonVisualStudio.pyproj", "{7C9A1996-4485-47B7-8D80-2EC0A1515695}"
EndProject
Global
	GlobalSection(SolutionConfigurationPlatforms) = preSolution
		Debug|Any CPU = Debug|Any CPU
		Release|Any CPU = Release|Any CPU
	EndGlobalSection
	GlobalSection(ProjectConfigurationPlatforms) = postSolution
		{7C9A1996-4485-47B7-8D80-2EC0A1515695}.Debug|Any CPU.ActiveCfg = Debug|Any CPU
		{7C9A1996-4485-47B7-8D80-2EC0A1515695}.Release|Any CPU.ActiveCfg = Release|Any CPU
	EndGlobalSection
	GlobalSection(SolutionProperties) = preSolution
		HideSolutionNode = FALSE
	EndGlobalSection
	GlobalSection(ExtensibilityGlobals) = postSolution
		SolutionGuid = {0C50FF44-15CE-4EDA-9746-9C5E82DB932D}
	EndGlobalSection
EndGlobal
